
Microsoft Visual Studio Solution File, Format Version 12.00
# Visual Studio Version 16
VisualStudioVersion = 16.0.30717.126
MinimumVisualStudioVersion = 10.0.40219.1
Project("{FAE04EC0-301F-11D3-BF4B-00C04F79EFBC}") = "Szortimenter", "Szortimenter\Szortimenter.csproj", "{31F09819-9778-4DD2-8CEA-6E0AFC49B7B7}"
EndProject
Global
	GlobalSection(SolutionConfigurationPlatforms) = preSolution
		Debug|Any CPU = Debug|Any CPU
		Release|Any CPU = Release|Any CPU
	EndGlobalSection
	GlobalSection(ProjectConfigurationPlatforms) = postSolution
		{31F09819-9778-4DD2-8CEA-6E0AFC49B7B7}.Debug|Any CPU.ActiveCfg = Debug|Any CPU
		{31F09819-9778-4DD2-8CEA-6E0AFC49B7B7}.Debug|Any CPU.Build.0 = Debug|Any CPU
		{31F09819-9778-4DD2-8CEA-6E0AFC49B7B7}.Release|Any CPU.ActiveCfg = Release|Any CPU
		{31F09819-9778-4DD2-8CEA-6E0AFC49B7B7}.Release|Any CPU.Build.0 = Release|Any CPU
	EndGlobalSection
	GlobalSection(SolutionProperties) = preSolution
		HideSolutionNode = FALSE
	EndGlobalSection
	GlobalSection(ExtensibilityGlobals) = postSolution
		SolutionGuid = {84722AC8-EF79-4441-868D-B540C6B9C03D}
	EndGlobalSection
EndGlobal
